// !$*UTF8*$!
{
	archiveVersion = 1;
	classes = {
	};
	objectVersion = 50;
	objects = {

/* Begin PBXBuildFile section */
		706F49A6233436A500EB990F /* AppDelegate.swift in Sources */ = {isa = PBXBuildFile; fileRef = 706F49A5233436A500EB990F /* AppDelegate.swift */; };
		706F49A8233436A500EB990F /* ViewController.swift in Sources */ = {isa = PBXBuildFile; fileRef = 706F49A7233436A500EB990F /* ViewController.swift */; };
		706F49AB233436A500EB990F /* Main.storyboard in Resources */ = {isa = PBXBuildFile; fileRef = 706F49A9233436A500EB990F /* Main.storyboard */; };
		706F49AD233436A600EB990F /* Assets.xcassets in Resources */ = {isa = PBXBuildFile; fileRef = 706F49AC233436A600EB990F /* Assets.xcassets */; };
		706F49B0233436A600EB990F /* LaunchScreen.storyboard in Resources */ = {isa = PBXBuildFile; fileRef = 706F49AE233436A600EB990F /* LaunchScreen.storyboard */; };
		722CFFED0BA16F50C212D622 /* Pods_plasticAI.framework in Frameworks */ = {isa = PBXBuildFile; fileRef = 5D24ADFB3289F9A69DECB519 /* Pods_plasticAI.framework */; };
/* End PBXBuildFile section */

/* Begin PBXFileReference section */
		565483287EBBC1842FF9C819 /* Pods-plasticAI.release.xcconfig */ = {isa = PBXFileReference; includeInIndex = 1; lastKnownFileType = text.xcconfig; name = "Pods-plasticAI.release.xcconfig"; path = "Target Support Files/Pods-plasticAI/Pods-plasticAI.release.xcconfig"; sourceTree = "<group>"; };
		5D24ADFB3289F9A69DECB519 /* Pods_plasticAI.framework */ = {isa = PBXFileReference; explicitFileType = wrapper.framework; includeInIndex = 0; path = Pods_plasticAI.framework; sourceTree = BUILT_PRODUCTS_DIR; };
		603B00A953C1FCDEFCC5EE4C /* Pods-plasticAI.debug.xcconfig */ = {isa = PBXFileReference; includeInIndex = 1; lastKnownFileType = text.xcconfig; name = "Pods-plasticAI.debug.xcconfig"; path = "Target Support Files/Pods-plasticAI/Pods-plasticAI.debug.xcconfig"; sourceTree = "<group>"; };
		706F49A2233436A500EB990F /* plasticAI.app */ = {isa = PBXFileReference; explicitFileType = wrapper.application; includeInIndex = 0; path = plasticAI.app; sourceTree = BUILT_PRODUCTS_DIR; };
		706F49A5233436A500EB990F /* AppDelegate.swift */ = {isa = PBXFileReference; lastKnownFileType = sourcecode.swift; path = AppDelegate.swift; sourceTree = "<group>"; };
		706F49A7233436A500EB990F /* ViewController.swift */ = {isa = PBXFileReference; lastKnownFileType = sourcecode.swift; path = ViewController.swift; sourceTree = "<group>"; };
		706F49AA233436A500EB990F /* Base */ = {isa = PBXFileReference; lastKnownFileType = file.storyboard; name = Base; path = Base.lproj/Main.storyboard; sourceTree = "<group>"; };
		706F49AC233436A600EB990F /* Assets.xcassets */ = {isa = PBXFileReference; lastKnownFileType = folder.assetcatalog; path = Assets.xcassets; sourceTree = "<group>"; };
		706F49AF233436A600EB990F /* Base */ = {isa = PBXFileReference; lastKnownFileType = file.storyboard; name = Base; path = Base.lproj/LaunchScreen.storyboard; sourceTree = "<group>"; };
		706F49B1233436A600EB990F /* Info.plist */ = {isa = PBXFileReference; lastKnownFileType = text.plist.xml; path = Info.plist; sourceTree = "<group>"; };
/* End PBXFileReference section */

/* Begin PBXFrameworksBuildPhase section */
		706F499F233436A500EB990F /* Frameworks */ = {
			isa = PBXFrameworksBuildPhase;
			buildActionMask = 2147483647;
			files = (
				722CFFED0BA16F50C212D622 /* Pods_plasticAI.framework in Frameworks */,
			);
			runOnlyForDeploymentPostprocessing = 0;
		};
/* End PBXFrameworksBuildPhase section */

/* Begin PBXGroup section */
		706F4999233436A500EB990F = {
			isa = PBXGroup;
			children = (
				706F49A4233436A500EB990F /* plasticAI */,
				706F49A3233436A500EB990F /* Products */,
				C2A9D8970CAC45F7401F12BA /* Pods */,
				FC7933F34019138B5ACB92E2 /* Frameworks */,
			);
			sourceTree = "<group>";
		};
		706F49A3233436A500EB990F /* Products */ = {
			isa = PBXGroup;
			children = (
				706F49A2233436A500EB990F /* plasticAI.app */,
			);
			name = Products;
			sourceTree = "<group>";
		};
		706F49A4233436A500EB990F /* plasticAI */ = {
			isa = PBXGroup;
			children = (
				706F49A5233436A500EB990F /* AppDelegate.swift */,
				706F49A7233436A500EB990F /* ViewController.swift */,
				706F49A9233436A500EB990F /* Main.storyboard */,
				706F49AC233436A600EB990F /* Assets.xcassets */,
				706F49AE233436A600EB990F /* LaunchScreen.storyboard */,
				706F49B1233436A600EB990F /* Info.plist */,
			);
			path = plasticAI;
			sourceTree = "<group>";
		};
		C2A9D8970CAC45F7401F12BA /* Pods */ = {
			isa = PBXGroup;
			children = (
				603B00A953C1FCDEFCC5EE4C /* Pods-plasticAI.debug.xcconfig */,
				565483287EBBC1842FF9C819 /* Pods-plasticAI.release.xcconfig */,
			);
			name = Pods;
			path = Pods;
			sourceTree = "<group>";
		};
		FC7933F34019138B5ACB92E2 /* Frameworks */ = {
			isa = PBXGroup;
			children = (
				5D24ADFB3289F9A69DECB519 /* Pods_plasticAI.framework */,
			);
			name = Frameworks;
			sourceTree = "<group>";
		};
/* End PBXGroup section */

/* Begin PBXNativeTarget section */
		706F49A1233436A500EB990F /* plasticAI */ = {
			isa = PBXNativeTarget;
			buildConfigurationList = 706F49B4233436A600EB990F /* Build configuration list for PBXNativeTarget "plasticAI" */;
			buildPhases = (
				1B577EC492BC0E089A6C4F95 /* [CP] Check Pods Manifest.lock */,
				706F499E233436A500EB990F /* Sources */,
				706F499F233436A500EB990F /* Frameworks */,
				706F49A0233436A500EB990F /* Resources */,
			);
			buildRules = (
			);
			dependencies = (
			);
			name = plasticAI;
			productName = plasticAI;
			productReference = 706F49A2233436A500EB990F /* plasticAI.app */;
			productType = "com.apple.product-type.application";
		};
/* End PBXNativeTarget section */

/* Begin PBXProject section */
		706F499A233436A500EB990F /* Project object */ = {
			isa = PBXProject;
			attributes = {
				LastSwiftUpdateCheck = 1030;
				LastUpgradeCheck = 1030;
				ORGANIZATIONNAME = Gaia_Hackers;
				TargetAttributes = {
					706F49A1233436A500EB990F = {
						CreatedOnToolsVersion = 10.3;
					};
				};
			};
			buildConfigurationList = 706F499D233436A500EB990F /* Build configuration list for PBXProject "plasticAI" */;
			compatibilityVersion = "Xcode 9.3";
			developmentRegion = en;
			hasScannedForEncodings = 0;
			knownRegions = (
				en,
				Base,
			);
			mainGroup = 706F4999233436A500EB990F;
			productRefGroup = 706F49A3233436A500EB990F /* Products */;
			projectDirPath = "";
			projectRoot = "";
			targets = (
				706F49A1233436A500EB990F /* plasticAI */,
			);
		};
/* End PBXProject section */

/* Begin PBXResourcesBuildPhase section */
		706F49A0233436A500EB990F /* Resources */ = {
			isa = PBXResourcesBuildPhase;
			buildActionMask = 2147483647;
			files = (
				706F49B0233436A600EB990F /* LaunchScreen.storyboard in Resources */,
				706F49AD233436A600EB990F /* Assets.xcassets in Resources */,
				706F49AB233436A500EB990F /* Main.storyboard in Resources */,
			);
			runOnlyForDeploymentPostprocessing = 0;
		};
/* End PBXResourcesBuildPhase section */

/* Begin PBXShellScriptBuildPhase section */
		1B577EC492BC0E089A6C4F95 /* [CP] Check Pods Manifest.lock */ = {
			isa = PBXShellScriptBuildPhase;
			buildActionMask = 2147483647;
			files = (
			);
			inputFileListPaths = (
			);
			inputPaths = (
				"${PODS_PODFILE_DIR_PATH}/Podfile.lock",
				"${PODS_ROOT}/Manifest.lock",
			);
			name = "[CP] Check Pods Manifest.lock";
			outputFileListPaths = (
			);
			outputPaths = (
				"$(DERIVED_FILE_DIR)/Pods-plasticAI-checkManifestLockResult.txt",
			);
			runOnlyForDeploymentPostprocessing = 0;
			shellPath = /bin/sh;
			shellScript = "diff \"${PODS_PODFILE_DIR_PATH}/Podfile.lock\" \"${PODS_ROOT}/Manifest.lock\" > /dev/null\nif [ $? != 0 ] ; then\n    # print error to STDERR\n    echo \"error: The sandbox is not in sync with the Podfile.lock. Run 'pod install' or update your CocoaPods installation.\" >&2\n    exit 1\nfi\n# This output is used by Xcode 'outputs' to avoid re-running this script phase.\necho \"SUCCESS\" > \"${SCRIPT_OUTPUT_FILE_0}\"\n";
			showEnvVarsInLog = 0;
		};
/* End PBXShellScriptBuildPhase section */

/* Begin PBXSourcesBuildPhase section */
		706F499E233436A500EB990F /* Sources */ = {
			isa = PBXSourcesBuildPhase;
			buildActionMask = 2147483647;
			files = (
				706F49A8233436A500EB990F /* ViewController.swift in Sources */,
				706F49A6233436A500EB990F /* AppDelegate.swift in Sources */,
			);
			runOnlyForDeploymentPostprocessing = 0;
		};
/* End PBXSourcesBuildPhase section */

/* Begin PBXVariantGroup section */
		706F49A9233436A500EB990F /* Main.storyboard */ = {
			isa = PBXVariantGroup;
			children = (
				706F49AA233436A500EB990F /* Base */,
			);
			name = Main.storyboard;
			sourceTree = "<group>";
		};
		706F49AE233436A600EB990F /* LaunchScreen.storyboard */ = {
			isa = PBXVariantGroup;
			children = (
				706F49AF233436A600EB990F /* Base */,
			);
			name = LaunchScreen.storyboard;
			sourceTree = "<group>";
		};
/* End PBXVariantGroup section */

/* Begin XCBuildConfiguration section */
		706F49B2233436A600EB990F /* Debug */ = {
			isa = XCBuildConfiguration;
			buildSettings = {
				ALWAYS_SEARCH_USER_PATHS = NO;
				CLANG_ANALYZER_NONNULL = YES;
				CLANG_ANALYZER_NUMBER_OBJECT_CONVERSION = YES_AGGRESSIVE;
				CLANG_CXX_LANGUAGE_STANDARD = "gnu++14";
				CLANG_CXX_LIBRARY = "libc++";
				CLANG_ENABLE_MODULES = YES;
				CLANG_ENABLE_OBJC_ARC = YES;
				CLANG_ENABLE_OBJC_WEAK = YES;
				CLANG_WARN_BLOCK_CAPTURE_AUTORELEASING = YES;
				CLANG_WARN_BOOL_CONVERSION = YES;
				CLANG_WARN_COMMA = YES;
				CLANG_WARN_CONSTANT_CONVERSION = YES;
				CLANG_WARN_DEPRECATED_OBJC_IMPLEMENTATIONS = YES;
				CLANG_WARN_DIRECT_OBJC_ISA_USAGE = YES_ERROR;
				CLANG_WARN_DOCUMENTATION_COMMENTS = YES;
				CLANG_WARN_EMPTY_BODY = YES;
				CLANG_WARN_ENUM_CONVERSION = YES;
				CLANG_WARN_INFINITE_RECURSION = YES;
				CLANG_WARN_INT_CONVERSION = YES;
				CLANG_WARN_NON_LITERAL_NULL_CONVERSION = YES;
				CLANG_WARN_OBJC_IMPLICIT_RETAIN_SELF = YES;
				CLANG_WARN_OBJC_LITERAL_CONVERSION = YES;
				CLANG_WARN_OBJC_ROOT_CLASS = YES_ERROR;
				CLANG_WARN_RANGE_LOOP_ANALYSIS = YES;
				CLANG_WARN_STRICT_PROTOTYPES = YES;
				CLANG_WARN_SUSPICIOUS_MOVE = YES;
				CLANG_WARN_UNGUARDED_AVAILABILITY = YES_AGGRESSIVE;
				CLANG_WARN_UNREACHABLE_CODE = YES;
				CLANG_WARN__DUPLICATE_METHOD_MATCH = YES;
				CODE_SIGN_IDENTITY = "iPhone Developer";
				COPY_PHASE_STRIP = NO;
				DEBUG_INFORMATION_FORMAT = dwarf;
				ENABLE_STRICT_OBJC_MSGSEND = YES;
				ENABLE_TESTABILITY = YES;
				GCC_C_LANGUAGE_STANDARD = gnu11;
				GCC_DYNAMIC_NO_PIC = NO;
				GCC_NO_COMMON_BLOCKS = YES;
				GCC_OPTIMIZATION_LEVEL = 0;
				GCC_PREPROCESSOR_DEFINITIONS = (
					"DEBUG=1",
					"$(inherited)",
				);
				GCC_WARN_64_TO_32_BIT_CONVERSION = YES;
				GCC_WARN_ABOUT_RETURN_TYPE = YES_ERROR;
				GCC_WARN_UNDECLARED_SELECTOR = YES;
				GCC_WARN_UNINITIALIZED_AUTOS = YES_AGGRESSIVE;
				GCC_WARN_UNUSED_FUNCTION = YES;
				GCC_WARN_UNUSED_VARIABLE = YES;
				IPHONEOS_DEPLOYMENT_TARGET = 12.4;
				MTL_ENABLE_DEBUG_INFO = INCLUDE_SOURCE;
				MTL_FAST_MATH = YES;
				ONLY_ACTIVE_ARCH = YES;
				SDKROOT = iphoneos;
				SWIFT_ACTIVE_COMPILATION_CONDITIONS = DEBUG;
				SWIFT_OPTIMIZATION_LEVEL = "-Onone";
			};
			name = Debug;
		};
		706F49B3233436A600EB990F /* Release */ = {
			isa = XCBuildConfiguration;
			buildSettings = {
				ALWAYS_SEARCH_USER_PATHS = NO;
				CLANG_ANALYZER_NONNULL = YES;
				CLANG_ANALYZER_NUMBER_OBJECT_CONVERSION = YES_AGGRESSIVE;
				CLANG_CXX_LANGUAGE_STANDARD = "gnu++14";
				CLANG_CXX_LIBRARY = "libc++";
				CLANG_ENABLE_MODULES = YES;
				CLANG_ENABLE_OBJC_ARC = YES;
				CLANG_ENABLE_OBJC_WEAK = YES;
				CLANG_WARN_BLOCK_CAPTURE_AUTORELEASING = YES;
				CLANG_WARN_BOOL_CONVERSION = YES;
				CLANG_WARN_COMMA = YES;
				CLANG_WARN_CONSTANT_CONVERSION = YES;
				CLANG_WARN_DEPRECATED_OBJC_IMPLEMENTATIONS = YES;
				CLANG_WARN_DIRECT_OBJC_ISA_USAGE = YES_ERROR;
				CLANG_WARN_DOCUMENTATION_COMMENTS = YES;
				CLANG_WARN_EMPTY_BODY = YES;
				CLANG_WARN_ENUM_CONVERSION = YES;
				CLANG_WARN_INFINITE_RECURSION = YES;
				CLANG_WARN_INT_CONVERSION = YES;
				CLANG_WARN_NON_LITERAL_NULL_CONVERSION = YES;
				CLANG_WARN_OBJC_IMPLICIT_RETAIN_SELF = YES;
				CLANG_WARN_OBJC_LITERAL_CONVERSION = YES;
				CLANG_WARN_OBJC_ROOT_CLASS = YES_ERROR;
				CLANG_WARN_RANGE_LOOP_ANALYSIS = YES;
				CLANG_WARN_STRICT_PROTOTYPES = YES;
				CLANG_WARN_SUSPICIOUS_MOVE = YES;
				CLANG_WARN_UNGUARDED_AVAILABILITY = YES_AGGRESSIVE;
				CLANG_WARN_UNREACHABLE_CODE = YES;
				CLANG_WARN__DUPLICATE_METHOD_MATCH = YES;
				CODE_SIGN_IDENTITY = "iPhone Developer";
				COPY_PHASE_STRIP = NO;
				DEBUG_INFORMATION_FORMAT = "dwarf-with-dsym";
				ENABLE_NS_ASSERTIONS = NO;
				ENABLE_STRICT_OBJC_MSGSEND = YES;
				GCC_C_LANGUAGE_STANDARD = gnu11;
				GCC_NO_COMMON_BLOCKS = YES;
				GCC_WARN_64_TO_32_BIT_CONVERSION = YES;
				GCC_WARN_ABOUT_RETURN_TYPE = YES_ERROR;
				GCC_WARN_UNDECLARED_SELECTOR = YES;
				GCC_WARN_UNINITIALIZED_AUTOS = YES_AGGRESSIVE;
				GCC_WARN_UNUSED_FUNCTION = YES;
				GCC_WARN_UNUSED_VARIABLE = YES;
				IPHONEOS_DEPLOYMENT_TARGET = 12.4;
				MTL_ENABLE_DEBUG_INFO = NO;
				MTL_FAST_MATH = YES;
				SDKROOT = iphoneos;
				SWIFT_COMPILATION_MODE = wholemodule;
				SWIFT_OPTIMIZATION_LEVEL = "-O";
				VALIDATE_PRODUCT = YES;
			};
			name = Release;
		};
		706F49B5233436A600EB990F /* Debug */ = {
			isa = XCBuildConfiguration;
			baseConfigurationReference = 603B00A953C1FCDEFCC5EE4C /* Pods-plasticAI.debug.xcconfig */;
			buildSettings = {
				ASSETCATALOG_COMPILER_APPICON_NAME = AppIcon;
				CODE_SIGN_STYLE = Automatic;
				INFOPLIST_FILE = plasticAI/Info.plist;
				LD_RUNPATH_SEARCH_PATHS = (
					"$(inherited)",
					"@executable_path/Frameworks",
				);
				PRODUCT_BUNDLE_IDENTIFIER = "gaia-hackers.plasticAI";
				PRODUCT_NAME = "$(TARGET_NAME)";
				SWIFT_VERSION = 5.0;
				TARGETED_DEVICE_FAMILY = "1,2";
			};
			name = Debug;
		};
		706F49B6233436A600EB990F /* Release */ = {
			isa = XCBuildConfiguration;
			baseConfigurationReference = 565483287EBBC1842FF9C819 /* Pods-plasticAI.release.xcconfig */;
			buildSettings = {
				ASSETCATALOG_COMPILER_APPICON_NAME = AppIcon;
				CODE_SIGN_STYLE = Automatic;
				INFOPLIST_FILE = plasticAI/Info.plist;
				LD_RUNPATH_SEARCH_PATHS = (
					"$(inherited)",
					"@executable_path/Frameworks",
				);
				PRODUCT_BUNDLE_IDENTIFIER = "gaia-hackers.plasticAI";
				PRODUCT_NAME = "$(TARGET_NAME)";
				SWIFT_VERSION = 5.0;
				TARGETED_DEVICE_FAMILY = "1,2";
			};
			name = Release;
		};
/* End XCBuildConfiguration section */

/* Begin XCConfigurationList section */
		706F499D233436A500EB990F /* Build configuration list for PBXProject "plasticAI" */ = {
			isa = XCConfigurationList;
			buildConfigurations = (
				706F49B2233436A600EB990F /* Debug */,
				706F49B3233436A600EB990F /* Release */,
			);
			defaultConfigurationIsVisible = 0;
			defaultConfigurationName = Release;
		};
		706F49B4233436A600EB990F /* Build configuration list for PBXNativeTarget "plasticAI" */ = {
			isa = XCConfigurationList;
			buildConfigurations = (
				706F49B5233436A600EB990F /* Debug */,
				706F49B6233436A600EB990F /* Release */,
			);
			defaultConfigurationIsVisible = 0;
			defaultConfigurationName = Release;
		};
/* End XCConfigurationList section */
	};
	rootObject = 706F499A233436A500EB990F /* Project object */;
}
